// !$*UTF8*$!
{
	archiveVersion = 1;
	classes = {
	};
	objectVersion = 77;
	objects = {

/* Begin PBXBuildFile section */
		DC8769602D442F4B0072A94A /* OpenMeteoSdk in Frameworks */ = {isa = PBXBuildFile; productRef = DC87695F2D442F4B0072A94A /* OpenMeteoSdk */; };
/* End PBXBuildFile section */

/* Begin PBXContainerItemProxy section */
		DC5283562D442DC8005892E9 /* PBXContainerItemProxy */ = {
			isa = PBXContainerItemProxy;
			containerPortal = DC52833B2D442DC5005892E9 /* Project object */;
			proxyType = 1;
			remoteGlobalIDString = DC5283422D442DC5005892E9;
			remoteInfo = ModernWeatherApp;
		};
		DC5283602D442DC8005892E9 /* PBXContainerItemProxy */ = {
			isa = PBXContainerItemProxy;
			containerPortal = DC52833B2D442DC5005892E9 /* Project object */;
			proxyType = 1;
			remoteGlobalIDString = DC5283422D442DC5005892E9;
			remoteInfo = ModernWeatherApp;
		};
/* End PBXContainerItemProxy section */

/* Begin PBXFileReference section */
		DC5283432D442DC5005892E9 /* ModernWeatherApp.app */ = {isa = PBXFileReference; explicitFileType = wrapper.application; includeInIndex = 0; path = ModernWeatherApp.app; sourceTree = BUILT_PRODUCTS_DIR; };
		DC5283552D442DC8005892E9 /* ModernWeatherAppTests.xctest */ = {isa = PBXFileReference; explicitFileType = wrapper.cfbundle; includeInIndex = 0; path = ModernWeatherAppTests.xctest; sourceTree = BUILT_PRODUCTS_DIR; };
		DC52835F2D442DC8005892E9 /* ModernWeatherAppUITests.xctest */ = {isa = PBXFileReference; explicitFileType = wrapper.cfbundle; includeInIndex = 0; path = ModernWeatherAppUITests.xctest; sourceTree = BUILT_PRODUCTS_DIR; };
/* End PBXFileReference section */

/* Begin PBXFileSystemSynchronizedBuildFileExceptionSet section */
		DC8769622D4430A10072A94A /* Exceptions for "ModernWeatherApp" folder in "ModernWeatherApp" target */ = {
			isa = PBXFileSystemSynchronizedBuildFileExceptionSet;
			membershipExceptions = (
				Info.plist,
			);
			target = DC5283422D442DC5005892E9 /* ModernWeatherApp */;
		};
/* End PBXFileSystemSynchronizedBuildFileExceptionSet section */

/* Begin PBXFileSystemSynchronizedRootGroup section */
		DC5283452D442DC5005892E9 /* ModernWeatherApp */ = {
			isa = PBXFileSystemSynchronizedRootGroup;
			exceptions = (
				DC8769622D4430A10072A94A /* Exceptions for "ModernWeatherApp" folder in "ModernWeatherApp" target */,
			);
			path = ModernWeatherApp;
			sourceTree = "<group>";
		};
		DC5283582D442DC8005892E9 /* ModernWeatherAppTests */ = {
			isa = PBXFileSystemSynchronizedRootGroup;
			path = ModernWeatherAppTests;
			sourceTree = "<group>";
		};
		DC5283622D442DC8005892E9 /* ModernWeatherAppUITests */ = {
			isa = PBXFileSystemSynchronizedRootGroup;
			path = ModernWeatherAppUITests;
			sourceTree = "<group>";
		};
/* End PBXFileSystemSynchronizedRootGroup section */

/* Begin PBXFrameworksBuildPhase section */
		DC5283402D442DC5005892E9 /* Frameworks */ = {
			isa = PBXFrameworksBuildPhase;
			buildActionMask = 2147483647;
			files = (
				DC8769602D442F4B0072A94A /* OpenMeteoSdk in Frameworks */,
			);
			runOnlyForDeploymentPostprocessing = 0;
		};
		DC5283522D442DC8005892E9 /* Frameworks */ = {
			isa = PBXFrameworksBuildPhase;
			buildActionMask = 2147483647;
			files = (
			);
			runOnlyForDeploymentPostprocessing = 0;
		};
		DC52835C2D442DC8005892E9 /* Frameworks */ = {
			isa = PBXFrameworksBuildPhase;
			buildActionMask = 2147483647;
			files = (
			);
			runOnlyForDeploymentPostprocessing = 0;
		};
/* End PBXFrameworksBuildPhase section */

/* Begin PBXGroup section */
		DC52833A2D442DC5005892E9 = {
			isa = PBXGroup;
			children = (
				DC5283452D442DC5005892E9 /* ModernWeatherApp */,
				DC5283582D442DC8005892E9 /* ModernWeatherAppTests */,
				DC5283622D442DC8005892E9 /* ModernWeatherAppUITests */,
				DC5283442D442DC5005892E9 /* Products */,
			);
			sourceTree = "<group>";
		};
		DC5283442D442DC5005892E9 /* Products */ = {
			isa = PBXGroup;
			children = (
				DC5283432D442DC5005892E9 /* ModernWeatherApp.app */,
				DC5283552D442DC8005892E9 /* ModernWeatherAppTests.xctest */,
				DC52835F2D442DC8005892E9 /* ModernWeatherAppUITests.xctest */,
			);
			name = Products;
			sourceTree = "<group>";
		};
/* End PBXGroup section */

/* Begin PBXNativeTarget section */
		DC5283422D442DC5005892E9 /* ModernWeatherApp */ = {
			isa = PBXNativeTarget;
			buildConfigurationList = DC5283692D442DC8005892E9 /* Build configuration list for PBXNativeTarget "ModernWeatherApp" */;
			buildPhases = (
				DC52833F2D442DC5005892E9 /* Sources */,
				DC5283402D442DC5005892E9 /* Frameworks */,
				DC5283412D442DC5005892E9 /* Resources */,
			);
			buildRules = (
			);
			dependencies = (
			);
			fileSystemSynchronizedGroups = (
				DC5283452D442DC5005892E9 /* ModernWeatherApp */,
			);
			name = ModernWeatherApp;
			packageProductDependencies = (
				DC87695F2D442F4B0072A94A /* OpenMeteoSdk */,
			);
			productName = ModernWeatherApp;
			productReference = DC5283432D442DC5005892E9 /* ModernWeatherApp.app */;
			productType = "com.apple.product-type.application";
		};
		DC5283542D442DC8005892E9 /* ModernWeatherAppTests */ = {
			isa = PBXNativeTarget;
			buildConfigurationList = DC52836C2D442DC8005892E9 /* Build configuration list for PBXNativeTarget "ModernWeatherAppTests" */;
			buildPhases = (
				DC5283512D442DC8005892E9 /* Sources */,
				DC5283522D442DC8005892E9 /* Frameworks */,
				DC5283532D442DC8005892E9 /* Resources */,
			);
			buildRules = (
			);
			dependencies = (
				DC5283572D442DC8005892E9 /* PBXTargetDependency */,
			);
			fileSystemSynchronizedGroups = (
				DC5283582D442DC8005892E9 /* ModernWeatherAppTests */,
			);
			name = ModernWeatherAppTests;
			packageProductDependencies = (
			);
			productName = ModernWeatherAppTests;
			productReference = DC5283552D442DC8005892E9 /* ModernWeatherAppTests.xctest */;
			productType = "com.apple.product-type.bundle.unit-test";
		};
		DC52835E2D442DC8005892E9 /* ModernWeatherAppUITests */ = {
			isa = PBXNativeTarget;
			buildConfigurationList = DC52836F2D442DC8005892E9 /* Build configuration list for PBXNativeTarget "ModernWeatherAppUITests" */;
			buildPhases = (
				DC52835B2D442DC8005892E9 /* Sources */,
				DC52835C2D442DC8005892E9 /* Frameworks */,
				DC52835D2D442DC8005892E9 /* Resources */,
			);
			buildRules = (
			);
			dependencies = (
				DC5283612D442DC8005892E9 /* PBXTargetDependency */,
			);
			fileSystemSynchronizedGroups = (
				DC5283622D442DC8005892E9 /* ModernWeatherAppUITests */,
			);
			name = ModernWeatherAppUITests;
			packageProductDependencies = (
			);
			productName = ModernWeatherAppUITests;
			productReference = DC52835F2D442DC8005892E9 /* ModernWeatherAppUITests.xctest */;
			productType = "com.apple.product-type.bundle.ui-testing";
		};
/* End PBXNativeTarget section */

/* Begin PBXProject section */
		DC52833B2D442DC5005892E9 /* Project object */ = {
			isa = PBXProject;
			attributes = {
				BuildIndependentTargetsInParallel = 1;
				KnownAssetTags = (
					te,
				);
				LastSwiftUpdateCheck = 1620;
				LastUpgradeCheck = 1620;
				TargetAttributes = {
					DC5283422D442DC5005892E9 = {
						CreatedOnToolsVersion = 16.2;
					};
					DC5283542D442DC8005892E9 = {
						CreatedOnToolsVersion = 16.2;
						TestTargetID = DC5283422D442DC5005892E9;
					};
					DC52835E2D442DC8005892E9 = {
						CreatedOnToolsVersion = 16.2;
						TestTargetID = DC5283422D442DC5005892E9;
					};
				};
			};
			buildConfigurationList = DC52833E2D442DC5005892E9 /* Build configuration list for PBXProject "ModernWeatherApp" */;
			developmentRegion = en;
			hasScannedForEncodings = 0;
			knownRegions = (
				en,
				Base,
			);
			mainGroup = DC52833A2D442DC5005892E9;
			minimizedProjectReferenceProxies = 1;
			packageReferences = (
				DC5283722D442E0C005892E9 /* XCRemoteSwiftPackageReference "sdk" */,
			);
			preferredProjectObjectVersion = 77;
			productRefGroup = DC5283442D442DC5005892E9 /* Products */;
			projectDirPath = "";
			projectRoot = "";
			targets = (
				DC5283422D442DC5005892E9 /* ModernWeatherApp */,
				DC5283542D442DC8005892E9 /* ModernWeatherAppTests */,
				DC52835E2D442DC8005892E9 /* ModernWeatherAppUITests */,
			);
		};
/* End PBXProject section */

/* Begin PBXResourcesBuildPhase section */
		DC5283412D442DC5005892E9 /* Resources */ = {
			isa = PBXResourcesBuildPhase;
			buildActionMask = 2147483647;
			files = (
			);
			runOnlyForDeploymentPostprocessing = 0;
		};
		DC5283532D442DC8005892E9 /* Resources */ = {
			isa = PBXResourcesBuildPhase;
			buildActionMask = 2147483647;
			files = (
			);
			runOnlyForDeploymentPostprocessing = 0;
		};
		DC52835D2D442DC8005892E9 /* Resources */ = {
			isa = PBXResourcesBuildPhase;
			buildActionMask = 2147483647;
			files = (
			);
			runOnlyForDeploymentPostprocessing = 0;
		};
/* End PBXResourcesBuildPhase section */

/* Begin PBXSourcesBuildPhase section */
		DC52833F2D442DC5005892E9 /* Sources */ = {
			isa = PBXSourcesBuildPhase;
			buildActionMask = 2147483647;
			files = (
			);
			runOnlyForDeploymentPostprocessing = 0;
		};
		DC5283512D442DC8005892E9 /* Sources */ = {
			isa = PBXSourcesBuildPhase;
			buildActionMask = 2147483647;
			files = (
			);
			runOnlyForDeploymentPostprocessing = 0;
		};
		DC52835B2D442DC8005892E9 /* Sources */ = {
			isa = PBXSourcesBuildPhase;
			buildActionMask = 2147483647;
			files = (
			);
			runOnlyForDeploymentPostprocessing = 0;
		};
/* End PBXSourcesBuildPhase section */

/* Begin PBXTargetDependency section */
		DC5283572D442DC8005892E9 /* PBXTargetDependency */ = {
			isa = PBXTargetDependency;
			target = DC5283422D442DC5005892E9 /* ModernWeatherApp */;
			targetProxy = DC5283562D442DC8005892E9 /* PBXContainerItemProxy */;
		};
		DC5283612D442DC8005892E9 /* PBXTargetDependency */ = {
			isa = PBXTargetDependency;
			target = DC5283422D442DC5005892E9 /* ModernWeatherApp */;
			targetProxy = DC5283602D442DC8005892E9 /* PBXContainerItemProxy */;
		};
/* End PBXTargetDependency section */

/* Begin XCBuildConfiguration section */
		DC5283672D442DC8005892E9 /* Debug */ = {
			isa = XCBuildConfiguration;
			buildSettings = {
				ALWAYS_SEARCH_USER_PATHS = NO;
				ASSETCATALOG_COMPILER_GENERATE_SWIFT_ASSET_SYMBOL_EXTENSIONS = YES;
				CLANG_ANALYZER_NONNULL = YES;
				CLANG_ANALYZER_NUMBER_OBJECT_CONVERSION = YES_AGGRESSIVE;
				CLANG_CXX_LANGUAGE_STANDARD = "gnu++20";
				CLANG_ENABLE_MODULES = YES;
				CLANG_ENABLE_OBJC_ARC = YES;
				CLANG_ENABLE_OBJC_WEAK = YES;
				CLANG_WARN_BLOCK_CAPTURE_AUTORELEASING = YES;
				CLANG_WARN_BOOL_CONVERSION = YES;
				CLANG_WARN_COMMA = YES;
				CLANG_WARN_CONSTANT_CONVERSION = YES;
				CLANG_WARN_DEPRECATED_OBJC_IMPLEMENTATIONS = YES;
				CLANG_WARN_DIRECT_OBJC_ISA_USAGE = YES_ERROR;
				CLANG_WARN_DOCUMENTATION_COMMENTS = YES;
				CLANG_WARN_EMPTY_BODY = YES;
				CLANG_WARN_ENUM_CONVERSION = YES;
				CLANG_WARN_INFINITE_RECURSION = YES;
				CLANG_WARN_INT_CONVERSION = YES;
				CLANG_WARN_NON_LITERAL_NULL_CONVERSION = YES;
				CLANG_WARN_OBJC_IMPLICIT_RETAIN_SELF = YES;
				CLANG_WARN_OBJC_LITERAL_CONVERSION = YES;
				CLANG_WARN_OBJC_ROOT_CLASS = YES_ERROR;
				CLANG_WARN_QUOTED_INCLUDE_IN_FRAMEWORK_HEADER = YES;
				CLANG_WARN_RANGE_LOOP_ANALYSIS = YES;
				CLANG_WARN_STRICT_PROTOTYPES = YES;
				CLANG_WARN_SUSPICIOUS_MOVE = YES;
				CLANG_WARN_UNGUARDED_AVAILABILITY = YES_AGGRESSIVE;
				CLANG_WARN_UNREACHABLE_CODE = YES;
				CLANG_WARN__DUPLICATE_METHOD_MATCH = YES;
				COPY_PHASE_STRIP = NO;
				DEBUG_INFORMATION_FORMAT = dwarf;
				ENABLE_STRICT_OBJC_MSGSEND = YES;
				ENABLE_TESTABILITY = YES;
				ENABLE_USER_SCRIPT_SANDBOXING = YES;
				GCC_C_LANGUAGE_STANDARD = gnu17;
				GCC_DYNAMIC_NO_PIC = NO;
				GCC_NO_COMMON_BLOCKS = YES;
				GCC_OPTIMIZATION_LEVEL = 0;
				GCC_PREPROCESSOR_DEFINITIONS = (
					"DEBUG=1",
					"$(inherited)",
				);
				GCC_WARN_64_TO_32_BIT_CONVERSION = YES;
				GCC_WARN_ABOUT_RETURN_TYPE = YES_ERROR;
				GCC_WARN_UNDECLARED_SELECTOR = YES;
				GCC_WARN_UNINITIALIZED_AUTOS = YES_AGGRESSIVE;
				GCC_WARN_UNUSED_FUNCTION = YES;
				GCC_WARN_UNUSED_VARIABLE = YES;
				IPHONEOS_DEPLOYMENT_TARGET = 18.2;
				LOCALIZATION_PREFERS_STRING_CATALOGS = YES;
				MTL_ENABLE_DEBUG_INFO = INCLUDE_SOURCE;
				MTL_FAST_MATH = YES;
				ONLY_ACTIVE_ARCH = YES;
				SDKROOT = iphoneos;
				SWIFT_ACTIVE_COMPILATION_CONDITIONS = "DEBUG $(inherited)";
				SWIFT_OPTIMIZATION_LEVEL = "-Onone";
			};
			name = Debug;
		};
		DC5283682D442DC8005892E9 /* Release */ = {
			isa = XCBuildConfiguration;
			buildSettings = {
				ALWAYS_SEARCH_USER_PATHS = NO;
				ASSETCATALOG_COMPILER_GENERATE_SWIFT_ASSET_SYMBOL_EXTENSIONS = YES;
				CLANG_ANALYZER_NONNULL = YES;
				CLANG_ANALYZER_NUMBER_OBJECT_CONVERSION = YES_AGGRESSIVE;
				CLANG_CXX_LANGUAGE_STANDARD = "gnu++20";
				CLANG_ENABLE_MODULES = YES;
				CLANG_ENABLE_OBJC_ARC = YES;
				CLANG_ENABLE_OBJC_WEAK = YES;
				CLANG_WARN_BLOCK_CAPTURE_AUTORELEASING = YES;
				CLANG_WARN_BOOL_CONVERSION = YES;
				CLANG_WARN_COMMA = YES;
				CLANG_WARN_CONSTANT_CONVERSION = YES;
				CLANG_WARN_DEPRECATED_OBJC_IMPLEMENTATIONS = YES;
				CLANG_WARN_DIRECT_OBJC_ISA_USAGE = YES_ERROR;
				CLANG_WARN_DOCUMENTATION_COMMENTS = YES;
				CLANG_WARN_EMPTY_BODY = YES;
				CLANG_WARN_ENUM_CONVERSION = YES;
				CLANG_WARN_INFINITE_RECURSION = YES;
				CLANG_WARN_INT_CONVERSION = YES;
				CLANG_WARN_NON_LITERAL_NULL_CONVERSION = YES;
				CLANG_WARN_OBJC_IMPLICIT_RETAIN_SELF = YES;
				CLANG_WARN_OBJC_LITERAL_CONVERSION = YES;
				CLANG_WARN_OBJC_ROOT_CLASS = YES_ERROR;
				CLANG_WARN_QUOTED_INCLUDE_IN_FRAMEWORK_HEADER = YES;
				CLANG_WARN_RANGE_LOOP_ANALYSIS = YES;
				CLANG_WARN_STRICT_PROTOTYPES = YES;
				CLANG_WARN_SUSPICIOUS_MOVE = YES;
				CLANG_WARN_UNGUARDED_AVAILABILITY = YES_AGGRESSIVE;
				CLANG_WARN_UNREACHABLE_CODE = YES;
				CLANG_WARN__DUPLICATE_METHOD_MATCH = YES;
				COPY_PHASE_STRIP = NO;
				DEBUG_INFORMATION_FORMAT = "dwarf-with-dsym";
				ENABLE_NS_ASSERTIONS = NO;
				ENABLE_STRICT_OBJC_MSGSEND = YES;
				ENABLE_USER_SCRIPT_SANDBOXING = YES;
				GCC_C_LANGUAGE_STANDARD = gnu17;
				GCC_NO_COMMON_BLOCKS = YES;
				GCC_WARN_64_TO_32_BIT_CONVERSION = YES;
				GCC_WARN_ABOUT_RETURN_TYPE = YES_ERROR;
				GCC_WARN_UNDECLARED_SELECTOR = YES;
				GCC_WARN_UNINITIALIZED_AUTOS = YES_AGGRESSIVE;
				GCC_WARN_UNUSED_FUNCTION = YES;
				GCC_WARN_UNUSED_VARIABLE = YES;
				IPHONEOS_DEPLOYMENT_TARGET = 18.2;
				LOCALIZATION_PREFERS_STRING_CATALOGS = YES;
				MTL_ENABLE_DEBUG_INFO = NO;
				MTL_FAST_MATH = YES;
				SDKROOT = iphoneos;
				SWIFT_COMPILATION_MODE = wholemodule;
				VALIDATE_PRODUCT = YES;
			};
			name = Release;
		};
		DC52836A2D442DC8005892E9 /* Debug */ = {
			isa = XCBuildConfiguration;
			buildSettings = {
				ASSETCATALOG_COMPILER_APPICON_NAME = AppIcon;
				ASSETCATALOG_COMPILER_GLOBAL_ACCENT_COLOR_NAME = AccentColor;
				CODE_SIGN_STYLE = Automatic;
				CURRENT_PROJECT_VERSION = 1;
				DEVELOPMENT_ASSET_PATHS = "\"ModernWeatherApp/Preview Content\"";
				DEVELOPMENT_TEAM = PS96HNX5KD;
				ENABLE_PREVIEWS = YES;
				GENERATE_INFOPLIST_FILE = YES;
				INFOPLIST_FILE = ModernWeatherApp/Info.plist;
				INFOPLIST_KEY_NSLocationWhenInUseUsageDescription = "Intended to be used to provide accurate weather data";
				INFOPLIST_KEY_UIApplicationSceneManifest_Generation = YES;
				INFOPLIST_KEY_UIApplicationSupportsIndirectInputEvents = YES;
				INFOPLIST_KEY_UILaunchScreen_Generation = YES;
				INFOPLIST_KEY_UISupportedInterfaceOrientations_iPad = "UIInterfaceOrientationPortrait UIInterfaceOrientationPortraitUpsideDown UIInterfaceOrientationLandscapeLeft UIInterfaceOrientationLandscapeRight";
				INFOPLIST_KEY_UISupportedInterfaceOrientations_iPhone = "UIInterfaceOrientationPortrait UIInterfaceOrientationLandscapeLeft UIInterfaceOrientationLandscapeRight";
				LD_RUNPATH_SEARCH_PATHS = (
					"$(inherited)",
					"@executable_path/Frameworks",
				);
				MARKETING_VERSION = 1.0;
				PRODUCT_BUNDLE_IDENTIFIER = xyz.prorickey.ModernWeatherApp;
				PRODUCT_NAME = "$(TARGET_NAME)";
				SUPPORTED_PLATFORMS = "iphoneos iphonesimulator";
				SUPPORTS_MACCATALYST = NO;
				SUPPORTS_XR_DESIGNED_FOR_IPHONE_IPAD = NO;
				SWIFT_EMIT_LOC_STRINGS = YES;
				SWIFT_VERSION = 5.0;
				TARGETED_DEVICE_FAMILY = "1,2";
			};
			name = Debug;
		};
		DC52836B2D442DC8005892E9 /* Release */ = {
			isa = XCBuildConfiguration;
			buildSettings = {
				ASSETCATALOG_COMPILER_APPICON_NAME = AppIcon;
				ASSETCATALOG_COMPILER_GLOBAL_ACCENT_COLOR_NAME = AccentColor;
				CODE_SIGN_STYLE = Automatic;
				CURRENT_PROJECT_VERSION = 1;
				DEVELOPMENT_ASSET_PATHS = "\"ModernWeatherApp/Preview Content\"";
				DEVELOPMENT_TEAM = PS96HNX5KD;
				ENABLE_PREVIEWS = YES;
				GENERATE_INFOPLIST_FILE = YES;
				INFOPLIST_FILE = ModernWeatherApp/Info.plist;
				INFOPLIST_KEY_NSLocationWhenInUseUsageDescription = "Intended to be used to provide accurate weather data";
				INFOPLIST_KEY_UIApplicationSceneManifest_Generation = YES;
				INFOPLIST_KEY_UIApplicationSupportsIndirectInputEvents = YES;
				INFOPLIST_KEY_UILaunchScreen_Generation = YES;
				INFOPLIST_KEY_UISupportedInterfaceOrientations_iPad = "UIInterfaceOrientationPortrait UIInterfaceOrientationPortraitUpsideDown UIInterfaceOrientationLandscapeLeft UIInterfaceOrientationLandscapeRight";
				INFOPLIST_KEY_UISupportedInterfaceOrientations_iPhone = "UIInterfaceOrientationPortrait UIInterfaceOrientationLandscapeLeft UIInterfaceOrientationLandscapeRight";
				LD_RUNPATH_SEARCH_PATHS = (
					"$(inherited)",
					"@executable_path/Frameworks",
				);
				MARKETING_VERSION = 1.0;
				PRODUCT_BUNDLE_IDENTIFIER = xyz.prorickey.ModernWeatherApp;
				PRODUCT_NAME = "$(TARGET_NAME)";
				SUPPORTED_PLATFORMS = "iphoneos iphonesimulator";
				SUPPORTS_MACCATALYST = NO;
				SUPPORTS_XR_DESIGNED_FOR_IPHONE_IPAD = NO;
				SWIFT_EMIT_LOC_STRINGS = YES;
				SWIFT_VERSION = 5.0;
				TARGETED_DEVICE_FAMILY = "1,2";
			};
			name = Release;
		};
		DC52836D2D442DC8005892E9 /* Debug */ = {
			isa = XCBuildConfiguration;
			buildSettings = {
				BUNDLE_LOADER = "$(TEST_HOST)";
				CODE_SIGN_STYLE = Automatic;
				CURRENT_PROJECT_VERSION = 1;
				DEVELOPMENT_TEAM = PS96HNX5KD;
				GENERATE_INFOPLIST_FILE = YES;
				IPHONEOS_DEPLOYMENT_TARGET = 18.2;
				MARKETING_VERSION = 1.0;
				PRODUCT_BUNDLE_IDENTIFIER = xyz.prorickey.ModernWeatherAppTests;
				PRODUCT_NAME = "$(TARGET_NAME)";
				SWIFT_EMIT_LOC_STRINGS = NO;
				SWIFT_VERSION = 5.0;
				TARGETED_DEVICE_FAMILY = "1,2";
				TEST_HOST = "$(BUILT_PRODUCTS_DIR)/ModernWeatherApp.app/$(BUNDLE_EXECUTABLE_FOLDER_PATH)/ModernWeatherApp";
			};
			name = Debug;
		};
		DC52836E2D442DC8005892E9 /* Release */ = {
			isa = XCBuildConfiguration;
			buildSettings = {
				BUNDLE_LOADER = "$(TEST_HOST)";
				CODE_SIGN_STYLE = Automatic;
				CURRENT_PROJECT_VERSION = 1;
				DEVELOPMENT_TEAM = PS96HNX5KD;
				GENERATE_INFOPLIST_FILE = YES;
				IPHONEOS_DEPLOYMENT_TARGET = 18.2;
				MARKETING_VERSION = 1.0;
				PRODUCT_BUNDLE_IDENTIFIER = xyz.prorickey.ModernWeatherAppTests;
				PRODUCT_NAME = "$(TARGET_NAME)";
				SWIFT_EMIT_LOC_STRINGS = NO;
				SWIFT_VERSION = 5.0;
				TARGETED_DEVICE_FAMILY = "1,2";
				TEST_HOST = "$(BUILT_PRODUCTS_DIR)/ModernWeatherApp.app/$(BUNDLE_EXECUTABLE_FOLDER_PATH)/ModernWeatherApp";
			};
			name = Release;
		};
		DC5283702D442DC8005892E9 /* Debug */ = {
			isa = XCBuildConfiguration;
			buildSettings = {
				CODE_SIGN_STYLE = Automatic;
				CURRENT_PROJECT_VERSION = 1;
				DEVELOPMENT_TEAM = PS96HNX5KD;
				GENERATE_INFOPLIST_FILE = YES;
				MARKETING_VERSION = 1.0;
				PRODUCT_BUNDLE_IDENTIFIER = xyz.prorickey.ModernWeatherAppUITests;
				PRODUCT_NAME = "$(TARGET_NAME)";
				SWIFT_EMIT_LOC_STRINGS = NO;
				SWIFT_VERSION = 5.0;
				TARGETED_DEVICE_FAMILY = "1,2";
				TEST_TARGET_NAME = ModernWeatherApp;
			};
			name = Debug;
		};
		DC5283712D442DC8005892E9 /* Release */ = {
			isa = XCBuildConfiguration;
			buildSettings = {
				CODE_SIGN_STYLE = Automatic;
				CURRENT_PROJECT_VERSION = 1;
				DEVELOPMENT_TEAM = PS96HNX5KD;
				GENERATE_INFOPLIST_FILE = YES;
				MARKETING_VERSION = 1.0;
				PRODUCT_BUNDLE_IDENTIFIER = xyz.prorickey.ModernWeatherAppUITests;
				PRODUCT_NAME = "$(TARGET_NAME)";
				SWIFT_EMIT_LOC_STRINGS = NO;
				SWIFT_VERSION = 5.0;
				TARGETED_DEVICE_FAMILY = "1,2";
				TEST_TARGET_NAME = ModernWeatherApp;
			};
			name = Release;
		};
/* End XCBuildConfiguration section */

/* Begin XCConfigurationList section */
		DC52833E2D442DC5005892E9 /* Build configuration list for PBXProject "ModernWeatherApp" */ = {
			isa = XCConfigurationList;
			buildConfigurations = (
				DC5283672D442DC8005892E9 /* Debug */,
				DC5283682D442DC8005892E9 /* Release */,
			);
			defaultConfigurationIsVisible = 0;
			defaultConfigurationName = Release;
		};
		DC5283692D442DC8005892E9 /* Build configuration list for PBXNativeTarget "ModernWeatherApp" */ = {
			isa = XCConfigurationList;
			buildConfigurations = (
				DC52836A2D442DC8005892E9 /* Debug */,
				DC52836B2D442DC8005892E9 /* Release */,
			);
			defaultConfigurationIsVisible = 0;
			defaultConfigurationName = Release;
		};
		DC52836C2D442DC8005892E9 /* Build configuration list for PBXNativeTarget "ModernWeatherAppTests" */ = {
			isa = XCConfigurationList;
			buildConfigurations = (
				DC52836D2D442DC8005892E9 /* Debug */,
				DC52836E2D442DC8005892E9 /* Release */,
			);
			defaultConfigurationIsVisible = 0;
			defaultConfigurationName = Release;
		};
		DC52836F2D442DC8005892E9 /* Build configuration list for PBXNativeTarget "ModernWeatherAppUITests" */ = {
			isa = XCConfigurationList;
			buildConfigurations = (
				DC5283702D442DC8005892E9 /* Debug */,
				DC5283712D442DC8005892E9 /* Release */,
			);
			defaultConfigurationIsVisible = 0;
			defaultConfigurationName = Release;
		};
/* End XCConfigurationList section */

/* Begin XCRemoteSwiftPackageReference section */
		DC5283722D442E0C005892E9 /* XCRemoteSwiftPackageReference "sdk" */ = {
			isa = XCRemoteSwiftPackageReference;
			repositoryURL = "https://github.com/open-meteo/sdk.git";
			requirement = {
				branch = main;
				kind = branch;
			};
		};
/* End XCRemoteSwiftPackageReference section */

/* Begin XCSwiftPackageProductDependency section */
		DC87695F2D442F4B0072A94A /* OpenMeteoSdk */ = {
			isa = XCSwiftPackageProductDependency;
			package = DC5283722D442E0C005892E9 /* XCRemoteSwiftPackageReference "sdk" */;
			productName = OpenMeteoSdk;
		};
/* End XCSwiftPackageProductDependency section */
	};
	rootObject = DC52833B2D442DC5005892E9 /* Project object */;
}
